
Microsoft Visual Studio Solution File, Format Version 12.00
# Visual Studio Version 17
VisualStudioVersion = 17.7.34031.279
MinimumVisualStudioVersion = 10.0.40219.1
Project("{FAE04EC0-301F-11D3-BF4B-00C04F79EFBC}") = "BaseDados", "BaseDados\BaseDados.csproj", "{866159BD-9DC1-4E7E-BAA1-C26DB4AECEE7}"
EndProject
Global
	GlobalSection(SolutionConfigurationPlatforms) = preSolution
		Debug|Any CPU = Debug|Any CPU
		Release|Any CPU = Release|Any CPU
	EndGlobalSection
	GlobalSection(ProjectConfigurationPlatforms) = postSolution
		{866159BD-9DC1-4E7E-BAA1-C26DB4AECEE7}.Debug|Any CPU.ActiveCfg = Debug|Any CPU
		{866159BD-9DC1-4E7E-BAA1-C26DB4AECEE7}.Debug|Any CPU.Build.0 = Debug|Any CPU
		{866159BD-9DC1-4E7E-BAA1-C26DB4AECEE7}.Release|Any CPU.ActiveCfg = Release|Any CPU
		{866159BD-9DC1-4E7E-BAA1-C26DB4AECEE7}.Release|Any CPU.Build.0 = Release|Any CPU
	EndGlobalSection
	GlobalSection(SolutionProperties) = preSolution
		HideSolutionNode = FALSE
	EndGlobalSection
	GlobalSection(ExtensibilityGlobals) = postSolution
		SolutionGuid = {CF55123C-218C-4F67-BCAA-9AD792ED145F}
	EndGlobalSection
EndGlobal
